
Microsoft Visual Studio Solution File, Format Version 12.00
# Visual Studio Version 17
VisualStudioVersion = 17.4.33213.308
MinimumVisualStudioVersion = 10.0.40219.1
Project("{FAE04EC0-301F-11D3-BF4B-00C04F79EFBC}") = "animalInheritance", "animalInheritance\animalInheritance.csproj", "{95A76FC7-873E-4519-8FB0-CB432B2CDE5A}"
EndProject
Global
	GlobalSection(SolutionConfigurationPlatforms) = preSolution
		Debug|Any CPU = Debug|Any CPU
		Release|Any CPU = Release|Any CPU
	EndGlobalSection
	GlobalSection(ProjectConfigurationPlatforms) = postSolution
		{95A76FC7-873E-4519-8FB0-CB432B2CDE5A}.Debug|Any CPU.ActiveCfg = Debug|Any CPU
		{95A76FC7-873E-4519-8FB0-CB432B2CDE5A}.Debug|Any CPU.Build.0 = Debug|Any CPU
		{95A76FC7-873E-4519-8FB0-CB432B2CDE5A}.Release|Any CPU.ActiveCfg = Release|Any CPU
		{95A76FC7-873E-4519-8FB0-CB432B2CDE5A}.Release|Any CPU.Build.0 = Release|Any CPU
	EndGlobalSection
	GlobalSection(SolutionProperties) = preSolution
		HideSolutionNode = FALSE
	EndGlobalSection
	GlobalSection(ExtensibilityGlobals) = postSolution
		SolutionGuid = {2772DE03-A678-4BF4-AAD1-3857FA359841}
	EndGlobalSection
EndGlobal
